
Microsoft Visual Studio Solution File, Format Version 12.00
# Visual Studio Version 16
VisualStudioVersion = 16.0.810.16
MinimumVisualStudioVersion = 10.0.40219.1
Project("{FAE04EC0-301F-11D3-BF4B-00C04F79EFBC}") = "contract-clause-generator", "contract-clause-generator\contract-clause-generator.csproj", "{FBE97875-892D-4E74-AF9D-DF792FBC6639}"
EndProject
Global
	GlobalSection(SolutionConfigurationPlatforms) = preSolution
		Debug|Any CPU = Debug|Any CPU
		Release|Any CPU = Release|Any CPU
	EndGlobalSection
	GlobalSection(ProjectConfigurationPlatforms) = postSolution
		{FBE97875-892D-4E74-AF9D-DF792FBC6639}.Debug|Any CPU.ActiveCfg = Debug|Any CPU
		{FBE97875-892D-4E74-AF9D-DF792FBC6639}.Debug|Any CPU.Build.0 = Debug|Any CPU
		{FBE97875-892D-4E74-AF9D-DF792FBC6639}.Release|Any CPU.ActiveCfg = Release|Any CPU
		{FBE97875-892D-4E74-AF9D-DF792FBC6639}.Release|Any CPU.Build.0 = Release|Any CPU
	EndGlobalSection
	GlobalSection(SolutionProperties) = preSolution
		HideSolutionNode = FALSE
	EndGlobalSection
	GlobalSection(ExtensibilityGlobals) = postSolution
		SolutionGuid = {FADC8CC9-68B9-4B9D-9AFA-A5B0113F2210}
	EndGlobalSection
EndGlobal
